
Microsoft Visual Studio Solution File, Format Version 12.00
# Visual Studio Version 16
VisualStudioVersion = 16.0.30611.23
MinimumVisualStudioVersion = 10.0.40219.1
Project("{FAE04EC0-301F-11D3-BF4B-00C04F79EFBC}") = "NewCourseWork", "NewCourseWork\NewCourseWork.csproj", "{0FDA20A1-779B-4E16-B463-0516ED13F438}"
EndProject
Project("{FAE04EC0-301F-11D3-BF4B-00C04F79EFBC}") = "BLL", "BLL\BLL.csproj", "{B94E5F5B-C6DE-4327-BF3F-B0611F430691}"
EndProject
Project("{FAE04EC0-301F-11D3-BF4B-00C04F79EFBC}") = "DAL", "DAL\DAL.csproj", "{EFCE241A-A2D8-4CE4-9BEF-5714903CEC06}"
EndProject
Global
	GlobalSection(SolutionConfigurationPlatforms) = preSolution
		Debug|Any CPU = Debug|Any CPU
		Release|Any CPU = Release|Any CPU
	EndGlobalSection
	GlobalSection(ProjectConfigurationPlatforms) = postSolution
		{0FDA20A1-779B-4E16-B463-0516ED13F438}.Debug|Any CPU.ActiveCfg = Debug|Any CPU
		{0FDA20A1-779B-4E16-B463-0516ED13F438}.Debug|Any CPU.Build.0 = Debug|Any CPU
		{0FDA20A1-779B-4E16-B463-0516ED13F438}.Release|Any CPU.ActiveCfg = Release|Any CPU
		{0FDA20A1-779B-4E16-B463-0516ED13F438}.Release|Any CPU.Build.0 = Release|Any CPU
		{B94E5F5B-C6DE-4327-BF3F-B0611F430691}.Debug|Any CPU.ActiveCfg = Debug|Any CPU
		{B94E5F5B-C6DE-4327-BF3F-B0611F430691}.Debug|Any CPU.Build.0 = Debug|Any CPU
		{B94E5F5B-C6DE-4327-BF3F-B0611F430691}.Release|Any CPU.ActiveCfg = Release|Any CPU
		{B94E5F5B-C6DE-4327-BF3F-B0611F430691}.Release|Any CPU.Build.0 = Release|Any CPU
		{EFCE241A-A2D8-4CE4-9BEF-5714903CEC06}.Debug|Any CPU.ActiveCfg = Debug|Any CPU
		{EFCE241A-A2D8-4CE4-9BEF-5714903CEC06}.Debug|Any CPU.Build.0 = Debug|Any CPU
		{EFCE241A-A2D8-4CE4-9BEF-5714903CEC06}.Release|Any CPU.ActiveCfg = Release|Any CPU
		{EFCE241A-A2D8-4CE4-9BEF-5714903CEC06}.Release|Any CPU.Build.0 = Release|Any CPU
	EndGlobalSection
	GlobalSection(SolutionProperties) = preSolution
		HideSolutionNode = FALSE
	EndGlobalSection
	GlobalSection(ExtensibilityGlobals) = postSolution
		SolutionGuid = {8ED5F484-DD67-4F12-8459-1D8D9FD18F47}
	EndGlobalSection
EndGlobal
